
Microsoft Visual Studio Solution File, Format Version 12.00
# Visual Studio Version 17
VisualStudioVersion = 17.14.36301.6
MinimumVisualStudioVersion = 10.0.40219.1
Project("{FAE04EC0-301F-11D3-BF4B-00C04F79EFBC}") = "WeatherApp.RestApi.UsingSerilog", "WeatherApp.RestApi.UsingSerilog.csproj", "{5B578D5C-EB26-4514-9182-CB8F09B46247}"
EndProject
Global
	GlobalSection(SolutionConfigurationPlatforms) = preSolution
		Debug|Any CPU = Debug|Any CPU
		Release|Any CPU = Release|Any CPU
	EndGlobalSection
	GlobalSection(ProjectConfigurationPlatforms) = postSolution
		{5B578D5C-EB26-4514-9182-CB8F09B46247}.Debug|Any CPU.ActiveCfg = Debug|Any CPU
		{5B578D5C-EB26-4514-9182-CB8F09B46247}.Debug|Any CPU.Build.0 = Debug|Any CPU
		{5B578D5C-EB26-4514-9182-CB8F09B46247}.Release|Any CPU.ActiveCfg = Release|Any CPU
		{5B578D5C-EB26-4514-9182-CB8F09B46247}.Release|Any CPU.Build.0 = Release|Any CPU
	EndGlobalSection
	GlobalSection(SolutionProperties) = preSolution
		HideSolutionNode = FALSE
	EndGlobalSection
	GlobalSection(ExtensibilityGlobals) = postSolution
		SolutionGuid = {9AEE8377-65D6-45A9-A5DF-3702E9E56051}
	EndGlobalSection
EndGlobal
